{
  "version": 4,
  "terraform_version": "1.10.5",
  "serial": 2,
  "lineage": "2a5718a0-ec4b-6d9e-cbac-08653bf1b4af",
  "outputs": {
    "test-key-arn": {
      "value": "arn:aws:ec2:ap-northeast-1:699475949737:key-pair/test-key",
      "type": "string"
    },
    "test-key-id": {
      "value": "test-key",
      "type": "string"
    },
    "test-key-id-key-pair-id": {
      "value": "key-0a46f70d331227484",
      "type": "string"
    },
    "test-key-key_name": {
      "value": "test-key",
      "type": "string"
    },
    "test-key-type": {
      "value": "rsa",
      "type": "string"
    }
  },
  "resources": [
    {
      "mode": "managed",
      "type": "aws_key_pair",
      "name": "test_key",
      "provider": "provider[\"registry.terraform.io/hashicorp/aws\"]",
      "instances": [
        {
          "schema_version": 1,
          "attributes": {
            "arn": "arn:aws:ec2:ap-northeast-1:699475949737:key-pair/test-key",
            "fingerprint": "bf:06:c0:56:b2:a0:51:49:99:90:3f:bb:a6:bf:0c:00",
            "id": "test-key",
            "key_name": "test-key",
            "key_name_prefix": "",
            "key_pair_id": "key-0a46f70d331227484",
            "key_type": "rsa",
            "public_key": "ssh-rsa AAAAB3NzaC1yc2EAAAADAQABAAABgQCq/a6sQ2r/BNNvN3ODoyVwAqYEpuMfuLkUdMhacieU8u2Ql/j9qe5CDsM93FB/j7yr+NL+qhKmrLFKHuf49nGhx7Rb97eLQ7Ys2KGwk+HG2aeQmQ1QHZCyOQ2hewF4W5y/v3r+O8ESKe3lqR83rEpIGcja7h1jVkHIvYUPf7/7t4RwJ1Z6QwaEtVI2lmHltRpsd9xkWNptW1UgCoqCpw7TeB9B6sEbMWLDgRpTtHmDviqYOWwDXfFrwO+2S1HxWHamle72WCxSegrMM6HyLrQDVGZ4Fy9V/XKIhnzVlVvwRYHRY4ksg+ecv5/w6KBOeOrtCAPUBcqdXOAeGsykcZaXWMJOp9JlKZpDVU/t26g9iZBSdIINzUs5APoScPVbAU2yqerKfUWd+mIYfhs9Rt8HSGwdlSxRjXnGBckLShUaw9kEqFJ1z4Z1MiHe7oypyJg8Jg+PZGLaVc8tJY7CvVZxiyNP7xg8GJj+YrlwAEsUxQXZQw6BYnvYnlXnpaJzZSU= LENOVO@Mays-Mac.local",
            "tags": null,
            "tags_all": {}
          },
          "sensitive_attributes": [],
          "private": "eyJzY2hlbWFfdmVyc2lvbiI6IjEifQ=="
        }
      ]
    }
  ],
  "check_results": null
}
